<?xml version="1.0" encoding="UTF-8"?>
<Scheme
   version = "1.3">
   <BuildAction>
      <BuildActionEntries>
         <BuildActionEntry
            buildForRunning = "YES"
            buildForTesting = "YES">
            <BuildableReference
               BuildableIdentifier = "primary"
               BlueprintIdentifier = "4450FFF72203B59D001D5DF9"
               BuildableName = "GUI_Kutschera_LadarTests.xctest"
               BlueprintName = "GUI_Kutschera_LadarTests"
               ReferencedContainer = "container:GUI_Kutschera_Ladar.xcodeproj">
            </BuildableReference>
         </BuildActionEntry>
      </BuildActionEntries>
   </BuildAction>
   <TestAction
      buildConfiguration = "Debug">
      <Testables>
         <TestableReference>
            <BuildableReference
               BuildableIdentifier = "primary"
               BlueprintIdentifier = "4450FFF72203B59D001D5DF9"
               BuildableName = "GUI_Kutschera_LadarTests.xctest"
               BlueprintName = "GUI_Kutschera_LadarTests"
               ReferencedContainer = "container:GUI_Kutschera_Ladar.xcodeproj">
            </BuildableReference>
         </TestableReference>
      </Testables>
   </TestAction>
   <LaunchAction
      useCustomWorkingDirectory = "NO"
      allowLocationSimulation = "YES">
   </LaunchAction>
</Scheme>
