<?xml version="1.0" encoding="UTF-8"?>
<Scheme
   version = "1.3">
   <BuildAction>
      <BuildActionEntries>
         <BuildActionEntry
            buildForRunning = "YES">
            <BuildableReference
               BuildableIdentifier = "primary"
               BlueprintIdentifier = "443BAE8D21930E230013E853"
               BuildableName = "GUI_Kutschera_Ladar.app"
               BlueprintName = "GUI_Kutschera_Ladar"
               ReferencedContainer = "container:GUI_Kutschera_Ladar.xcodeproj">
            </BuildableReference>
         </BuildActionEntry>
      </BuildActionEntries>
   </BuildAction>
   <LaunchAction
      useCustomWorkingDirectory = "NO"
      buildConfiguration = "Debug"
      allowLocationSimulation = "YES">
      <BuildableProductRunnable>
         <BuildableReference
            BuildableIdentifier = "primary"
            BlueprintIdentifier = "443BAE8D21930E230013E853"
            BuildableName = "GUI_Kutschera_Ladar.app"
            BlueprintName = "GUI_Kutschera_Ladar"
            ReferencedContainer = "container:GUI_Kutschera_Ladar.xcodeproj">
         </BuildableReference>
      </BuildableProductRunnable>
   </LaunchAction>
</Scheme>
